// !$*UTF8*$!
{
	archiveVersion = 1;
	classes = {
	};
	objectVersion = 46;
	objects = {

/* Begin PBXBuildFile section */
		0B42F1DE1D75795500C84C0D /* ArtistsViewController.swift in Sources */ = {isa = PBXBuildFile; fileRef = 0B42F1DD1D75795500C84C0D /* ArtistsViewController.swift */; };
		0BE77AB01D658A5F00B51DDB /* MyMusicViewController.swift in Sources */ = {isa = PBXBuildFile; fileRef = 0BE77AAF1D658A5F00B51DDB /* MyMusicViewController.swift */; };
		0BF0FAFC1D5DAC7A0041B812 /* AppDelegate.swift in Sources */ = {isa = PBXBuildFile; fileRef = 0BF0FAFB1D5DAC7A0041B812 /* AppDelegate.swift */; };
		0BF0FAFE1D5DAC7A0041B812 /* ViewController.swift in Sources */ = {isa = PBXBuildFile; fileRef = 0BF0FAFD1D5DAC7A0041B812 /* ViewController.swift */; };
		0BF0FB011D5DAC7A0041B812 /* Main.storyboard in Resources */ = {isa = PBXBuildFile; fileRef = 0BF0FAFF1D5DAC7A0041B812 /* Main.storyboard */; };
		0BF0FB031D5DAC7A0041B812 /* Assets.xcassets in Resources */ = {isa = PBXBuildFile; fileRef = 0BF0FB021D5DAC7A0041B812 /* Assets.xcassets */; };
		0BF0FB061D5DAC7A0041B812 /* LaunchScreen.storyboard in Resources */ = {isa = PBXBuildFile; fileRef = 0BF0FB041D5DAC7A0041B812 /* LaunchScreen.storyboard */; };
		0BF0FB0E1D5DACD60041B812 /* MediaPlayer.framework in Frameworks */ = {isa = PBXBuildFile; fileRef = 0BF0FB0D1D5DACD60041B812 /* MediaPlayer.framework */; };
		7594423AB449771B431EC419 /* Pods_Music_App.framework in Frameworks */ = {isa = PBXBuildFile; fileRef = CD9F2FC6F2F80998EB85474F /* Pods_Music_App.framework */; };
/* End PBXBuildFile section */

/* Begin PBXFileReference section */
		0B42F1DD1D75795500C84C0D /* ArtistsViewController.swift */ = {isa = PBXFileReference; fileEncoding = 4; lastKnownFileType = sourcecode.swift; path = ArtistsViewController.swift; sourceTree = "<group>"; };
		0BE77AAF1D658A5F00B51DDB /* MyMusicViewController.swift */ = {isa = PBXFileReference; fileEncoding = 4; lastKnownFileType = sourcecode.swift; path = MyMusicViewController.swift; sourceTree = "<group>"; };
		0BF0FAF81D5DAC7A0041B812 /* Music App.app */ = {isa = PBXFileReference; explicitFileType = wrapper.application; includeInIndex = 0; path = "Music App.app"; sourceTree = BUILT_PRODUCTS_DIR; };
		0BF0FAFB1D5DAC7A0041B812 /* AppDelegate.swift */ = {isa = PBXFileReference; lastKnownFileType = sourcecode.swift; path = AppDelegate.swift; sourceTree = "<group>"; };
		0BF0FAFD1D5DAC7A0041B812 /* ViewController.swift */ = {isa = PBXFileReference; lastKnownFileType = sourcecode.swift; path = ViewController.swift; sourceTree = "<group>"; };
		0BF0FB001D5DAC7A0041B812 /* Base */ = {isa = PBXFileReference; lastKnownFileType = file.storyboard; name = Base; path = Base.lproj/Main.storyboard; sourceTree = "<group>"; };
		0BF0FB021D5DAC7A0041B812 /* Assets.xcassets */ = {isa = PBXFileReference; lastKnownFileType = folder.assetcatalog; path = Assets.xcassets; sourceTree = "<group>"; };
		0BF0FB051D5DAC7A0041B812 /* Base */ = {isa = PBXFileReference; lastKnownFileType = file.storyboard; name = Base; path = Base.lproj/LaunchScreen.storyboard; sourceTree = "<group>"; };
		0BF0FB071D5DAC7A0041B812 /* Info.plist */ = {isa = PBXFileReference; lastKnownFileType = text.plist.xml; path = Info.plist; sourceTree = "<group>"; };
		0BF0FB0D1D5DACD60041B812 /* MediaPlayer.framework */ = {isa = PBXFileReference; lastKnownFileType = wrapper.framework; name = MediaPlayer.framework; path = System/Library/Frameworks/MediaPlayer.framework; sourceTree = SDKROOT; };
		3FB716B49730B9C4BF7E4DA8 /* Pods-Music App.debug.xcconfig */ = {isa = PBXFileReference; includeInIndex = 1; lastKnownFileType = text.xcconfig; name = "Pods-Music App.debug.xcconfig"; path = "Pods/Target Support Files/Pods-Music App/Pods-Music App.debug.xcconfig"; sourceTree = "<group>"; };
		BBB9709E9B914341BE02A2F9 /* Pods-Music App.release.xcconfig */ = {isa = PBXFileReference; includeInIndex = 1; lastKnownFileType = text.xcconfig; name = "Pods-Music App.release.xcconfig"; path = "Pods/Target Support Files/Pods-Music App/Pods-Music App.release.xcconfig"; sourceTree = "<group>"; };
		CD9F2FC6F2F80998EB85474F /* Pods_Music_App.framework */ = {isa = PBXFileReference; explicitFileType = wrapper.framework; includeInIndex = 0; path = Pods_Music_App.framework; sourceTree = BUILT_PRODUCTS_DIR; };
/* End PBXFileReference section */

/* Begin PBXFrameworksBuildPhase section */
		0BF0FAF51D5DAC7A0041B812 /* Frameworks */ = {
			isa = PBXFrameworksBuildPhase;
			buildActionMask = 2147483647;
			files = (
				0BF0FB0E1D5DACD60041B812 /* MediaPlayer.framework in Frameworks */,
				7594423AB449771B431EC419 /* Pods_Music_App.framework in Frameworks */,
			);
			runOnlyForDeploymentPostprocessing = 0;
		};
/* End PBXFrameworksBuildPhase section */

/* Begin PBXGroup section */
		0BF0FAEF1D5DAC7A0041B812 = {
			isa = PBXGroup;
			children = (
				0BF0FB0D1D5DACD60041B812 /* MediaPlayer.framework */,
				0BF0FAFA1D5DAC7A0041B812 /* Music App */,
				0BF0FAF91D5DAC7A0041B812 /* Products */,
				37D8073A69892AE1AA456731 /* Pods */,
				519898EDA1AE916168C2C0EE /* Frameworks */,
			);
			sourceTree = "<group>";
		};
		0BF0FAF91D5DAC7A0041B812 /* Products */ = {
			isa = PBXGroup;
			children = (
				0BF0FAF81D5DAC7A0041B812 /* Music App.app */,
			);
			name = Products;
			sourceTree = "<group>";
		};
		0BF0FAFA1D5DAC7A0041B812 /* Music App */ = {
			isa = PBXGroup;
			children = (
				0BF0FAFB1D5DAC7A0041B812 /* AppDelegate.swift */,
				0BF0FAFD1D5DAC7A0041B812 /* ViewController.swift */,
				0BE77AAF1D658A5F00B51DDB /* MyMusicViewController.swift */,
				0B42F1DD1D75795500C84C0D /* ArtistsViewController.swift */,
				0BF0FAFF1D5DAC7A0041B812 /* Main.storyboard */,
				0BF0FB021D5DAC7A0041B812 /* Assets.xcassets */,
				0BF0FB041D5DAC7A0041B812 /* LaunchScreen.storyboard */,
				0BF0FB071D5DAC7A0041B812 /* Info.plist */,
			);
			path = "Music App";
			sourceTree = "<group>";
		};
		37D8073A69892AE1AA456731 /* Pods */ = {
			isa = PBXGroup;
			children = (
				3FB716B49730B9C4BF7E4DA8 /* Pods-Music App.debug.xcconfig */,
				BBB9709E9B914341BE02A2F9 /* Pods-Music App.release.xcconfig */,
			);
			name = Pods;
			sourceTree = "<group>";
		};
		519898EDA1AE916168C2C0EE /* Frameworks */ = {
			isa = PBXGroup;
			children = (
				CD9F2FC6F2F80998EB85474F /* Pods_Music_App.framework */,
			);
			name = Frameworks;
			sourceTree = "<group>";
		};
/* End PBXGroup section */

/* Begin PBXNativeTarget section */
		0BF0FAF71D5DAC7A0041B812 /* Music App */ = {
			isa = PBXNativeTarget;
			buildConfigurationList = 0BF0FB0A1D5DAC7A0041B812 /* Build configuration list for PBXNativeTarget "Music App" */;
			buildPhases = (
				E2CDD296DFAC8B8CF2C64DF8 /* [CP] Check Pods Manifest.lock */,
				0BF0FAF41D5DAC7A0041B812 /* Sources */,
				0BF0FAF51D5DAC7A0041B812 /* Frameworks */,
				0BF0FAF61D5DAC7A0041B812 /* Resources */,
				1E4BEE552688BB15F4695045 /* [CP] Embed Pods Frameworks */,
				3147C15008E3A42930BE26B2 /* [CP] Copy Pods Resources */,
			);
			buildRules = (
			);
			dependencies = (
			);
			name = "Music App";
			productName = "Music App";
			productReference = 0BF0FAF81D5DAC7A0041B812 /* Music App.app */;
			productType = "com.apple.product-type.application";
		};
/* End PBXNativeTarget section */

/* Begin PBXProject section */
		0BF0FAF01D5DAC7A0041B812 /* Project object */ = {
			isa = PBXProject;
			attributes = {
				LastSwiftUpdateCheck = 0730;
				LastUpgradeCheck = 0730;
				ORGANIZATIONNAME = Pai;
				TargetAttributes = {
					0BF0FAF71D5DAC7A0041B812 = {
						CreatedOnToolsVersion = 7.3;
					};
				};
			};
			buildConfigurationList = 0BF0FAF31D5DAC7A0041B812 /* Build configuration list for PBXProject "Music App" */;
			compatibilityVersion = "Xcode 3.2";
			developmentRegion = English;
			hasScannedForEncodings = 0;
			knownRegions = (
				en,
				Base,
			);
			mainGroup = 0BF0FAEF1D5DAC7A0041B812;
			productRefGroup = 0BF0FAF91D5DAC7A0041B812 /* Products */;
			projectDirPath = "";
			projectRoot = "";
			targets = (
				0BF0FAF71D5DAC7A0041B812 /* Music App */,
			);
		};
/* End PBXProject section */

/* Begin PBXResourcesBuildPhase section */
		0BF0FAF61D5DAC7A0041B812 /* Resources */ = {
			isa = PBXResourcesBuildPhase;
			buildActionMask = 2147483647;
			files = (
				0BF0FB061D5DAC7A0041B812 /* LaunchScreen.storyboard in Resources */,
				0BF0FB031D5DAC7A0041B812 /* Assets.xcassets in Resources */,
				0BF0FB011D5DAC7A0041B812 /* Main.storyboard in Resources */,
			);
			runOnlyForDeploymentPostprocessing = 0;
		};
/* End PBXResourcesBuildPhase section */

/* Begin PBXShellScriptBuildPhase section */
		1E4BEE552688BB15F4695045 /* [CP] Embed Pods Frameworks */ = {
			isa = PBXShellScriptBuildPhase;
			buildActionMask = 2147483647;
			files = (
			);
			inputPaths = (
			);
			name = "[CP] Embed Pods Frameworks";
			outputPaths = (
			);
			runOnlyForDeploymentPostprocessing = 0;
			shellPath = /bin/sh;
			shellScript = "\"${SRCROOT}/Pods/Target Support Files/Pods-Music App/Pods-Music App-frameworks.sh\"\n";
			showEnvVarsInLog = 0;
		};
		3147C15008E3A42930BE26B2 /* [CP] Copy Pods Resources */ = {
			isa = PBXShellScriptBuildPhase;
			buildActionMask = 2147483647;
			files = (
			);
			inputPaths = (
			);
			name = "[CP] Copy Pods Resources";
			outputPaths = (
			);
			runOnlyForDeploymentPostprocessing = 0;
			shellPath = /bin/sh;
			shellScript = "\"${SRCROOT}/Pods/Target Support Files/Pods-Music App/Pods-Music App-resources.sh\"\n";
			showEnvVarsInLog = 0;
		};
		E2CDD296DFAC8B8CF2C64DF8 /* [CP] Check Pods Manifest.lock */ = {
			isa = PBXShellScriptBuildPhase;
			buildActionMask = 2147483647;
			files = (
			);
			inputPaths = (
			);
			name = "[CP] Check Pods Manifest.lock";
			outputPaths = (
			);
			runOnlyForDeploymentPostprocessing = 0;
			shellPath = /bin/sh;
			shellScript = "diff \"${PODS_ROOT}/../Podfile.lock\" \"${PODS_ROOT}/Manifest.lock\" > /dev/null\nif [[ $? != 0 ]] ; then\n    cat << EOM\nerror: The sandbox is not in sync with the Podfile.lock. Run 'pod install' or update your CocoaPods installation.\nEOM\n    exit 1\nfi\n";
			showEnvVarsInLog = 0;
		};
/* End PBXShellScriptBuildPhase section */

/* Begin PBXSourcesBuildPhase section */
		0BF0FAF41D5DAC7A0041B812 /* Sources */ = {
			isa = PBXSourcesBuildPhase;
			buildActionMask = 2147483647;
			files = (
				0BF0FAFE1D5DAC7A0041B812 /* ViewController.swift in Sources */,
				0BE77AB01D658A5F00B51DDB /* MyMusicViewController.swift in Sources */,
				0BF0FAFC1D5DAC7A0041B812 /* AppDelegate.swift in Sources */,
				0B42F1DE1D75795500C84C0D /* ArtistsViewController.swift in Sources */,
			);
			runOnlyForDeploymentPostprocessing = 0;
		};
/* End PBXSourcesBuildPhase section */

/* Begin PBXVariantGroup section */
		0BF0FAFF1D5DAC7A0041B812 /* Main.storyboard */ = {
			isa = PBXVariantGroup;
			children = (
				0BF0FB001D5DAC7A0041B812 /* Base */,
			);
			name = Main.storyboard;
			sourceTree = "<group>";
		};
		0BF0FB041D5DAC7A0041B812 /* LaunchScreen.storyboard */ = {
			isa = PBXVariantGroup;
			children = (
				0BF0FB051D5DAC7A0041B812 /* Base */,
			);
			name = LaunchScreen.storyboard;
			sourceTree = "<group>";
		};
/* End PBXVariantGroup section */

/* Begin XCBuildConfiguration section */
		0BF0FB081D5DAC7A0041B812 /* Debug */ = {
			isa = XCBuildConfiguration;
			buildSettings = {
				ALWAYS_SEARCH_USER_PATHS = NO;
				CLANG_ANALYZER_NONNULL = YES;
				CLANG_CXX_LANGUAGE_STANDARD = "gnu++0x";
				CLANG_CXX_LIBRARY = "libc++";
				CLANG_ENABLE_MODULES = YES;
				CLANG_ENABLE_OBJC_ARC = YES;
				CLANG_WARN_BOOL_CONVERSION = YES;
				CLANG_WARN_CONSTANT_CONVERSION = YES;
				CLANG_WARN_DIRECT_OBJC_ISA_USAGE = YES_ERROR;
				CLANG_WARN_EMPTY_BODY = YES;
				CLANG_WARN_ENUM_CONVERSION = YES;
				CLANG_WARN_INT_CONVERSION = YES;
				CLANG_WARN_OBJC_ROOT_CLASS = YES_ERROR;
				CLANG_WARN_UNREACHABLE_CODE = YES;
				CLANG_WARN__DUPLICATE_METHOD_MATCH = YES;
				"CODE_SIGN_IDENTITY[sdk=iphoneos*]" = "iPhone Developer";
				COPY_PHASE_STRIP = NO;
				DEBUG_INFORMATION_FORMAT = dwarf;
				ENABLE_STRICT_OBJC_MSGSEND = YES;
				ENABLE_TESTABILITY = YES;
				GCC_C_LANGUAGE_STANDARD = gnu99;
				GCC_DYNAMIC_NO_PIC = NO;
				GCC_NO_COMMON_BLOCKS = YES;
				GCC_OPTIMIZATION_LEVEL = 0;
				GCC_PREPROCESSOR_DEFINITIONS = (
					"DEBUG=1",
					"$(inherited)",
				);
				GCC_WARN_64_TO_32_BIT_CONVERSION = YES;
				GCC_WARN_ABOUT_RETURN_TYPE = YES_ERROR;
				GCC_WARN_UNDECLARED_SELECTOR = YES;
				GCC_WARN_UNINITIALIZED_AUTOS = YES_AGGRESSIVE;
				GCC_WARN_UNUSED_FUNCTION = YES;
				GCC_WARN_UNUSED_VARIABLE = YES;
				IPHONEOS_DEPLOYMENT_TARGET = 9.3;
				MTL_ENABLE_DEBUG_INFO = YES;
				ONLY_ACTIVE_ARCH = YES;
				SDKROOT = iphoneos;
				SWIFT_OPTIMIZATION_LEVEL = "-Onone";
			};
			name = Debug;
		};
		0BF0FB091D5DAC7A0041B812 /* Release */ = {
			isa = XCBuildConfiguration;
			buildSettings = {
				ALWAYS_SEARCH_USER_PATHS = NO;
				CLANG_ANALYZER_NONNULL = YES;
				CLANG_CXX_LANGUAGE_STANDARD = "gnu++0x";
				CLANG_CXX_LIBRARY = "libc++";
				CLANG_ENABLE_MODULES = YES;
				CLANG_ENABLE_OBJC_ARC = YES;
				CLANG_WARN_BOOL_CONVERSION = YES;
				CLANG_WARN_CONSTANT_CONVERSION = YES;
				CLANG_WARN_DIRECT_OBJC_ISA_USAGE = YES_ERROR;
				CLANG_WARN_EMPTY_BODY = YES;
				CLANG_WARN_ENUM_CONVERSION = YES;
				CLANG_WARN_INT_CONVERSION = YES;
				CLANG_WARN_OBJC_ROOT_CLASS = YES_ERROR;
				CLANG_WARN_UNREACHABLE_CODE = YES;
				CLANG_WARN__DUPLICATE_METHOD_MATCH = YES;
				"CODE_SIGN_IDENTITY[sdk=iphoneos*]" = "iPhone Developer";
				COPY_PHASE_STRIP = NO;
				DEBUG_INFORMATION_FORMAT = "dwarf-with-dsym";
				ENABLE_NS_ASSERTIONS = NO;
				ENABLE_STRICT_OBJC_MSGSEND = YES;
				GCC_C_LANGUAGE_STANDARD = gnu99;
				GCC_NO_COMMON_BLOCKS = YES;
				GCC_WARN_64_TO_32_BIT_CONVERSION = YES;
				GCC_WARN_ABOUT_RETURN_TYPE = YES_ERROR;
				GCC_WARN_UNDECLARED_SELECTOR = YES;
				GCC_WARN_UNINITIALIZED_AUTOS = YES_AGGRESSIVE;
				GCC_WARN_UNUSED_FUNCTION = YES;
				GCC_WARN_UNUSED_VARIABLE = YES;
				IPHONEOS_DEPLOYMENT_TARGET = 9.3;
				MTL_ENABLE_DEBUG_INFO = NO;
				SDKROOT = iphoneos;
				VALIDATE_PRODUCT = YES;
			};
			name = Release;
		};
		0BF0FB0B1D5DAC7A0041B812 /* Debug */ = {
			isa = XCBuildConfiguration;
			baseConfigurationReference = 3FB716B49730B9C4BF7E4DA8 /* Pods-Music App.debug.xcconfig */;
			buildSettings = {
				ASSETCATALOG_COMPILER_APPICON_NAME = AppIcon;
				INFOPLIST_FILE = "Music App/Info.plist";
				LD_RUNPATH_SEARCH_PATHS = "$(inherited) @executable_path/Frameworks";
				PRODUCT_BUNDLE_IDENTIFIER = "com.Pai.Music-App";
				PRODUCT_NAME = "$(TARGET_NAME)";
			};
			name = Debug;
		};
		0BF0FB0C1D5DAC7A0041B812 /* Release */ = {
			isa = XCBuildConfiguration;
			baseConfigurationReference = BBB9709E9B914341BE02A2F9 /* Pods-Music App.release.xcconfig */;
			buildSettings = {
				ASSETCATALOG_COMPILER_APPICON_NAME = AppIcon;
				INFOPLIST_FILE = "Music App/Info.plist";
				LD_RUNPATH_SEARCH_PATHS = "$(inherited) @executable_path/Frameworks";
				PRODUCT_BUNDLE_IDENTIFIER = "com.Pai.Music-App";
				PRODUCT_NAME = "$(TARGET_NAME)";
			};
			name = Release;
		};
/* End XCBuildConfiguration section */

/* Begin XCConfigurationList section */
		0BF0FAF31D5DAC7A0041B812 /* Build configuration list for PBXProject "Music App" */ = {
			isa = XCConfigurationList;
			buildConfigurations = (
				0BF0FB081D5DAC7A0041B812 /* Debug */,
				0BF0FB091D5DAC7A0041B812 /* Release */,
			);
			defaultConfigurationIsVisible = 0;
			defaultConfigurationName = Release;
		};
		0BF0FB0A1D5DAC7A0041B812 /* Build configuration list for PBXNativeTarget "Music App" */ = {
			isa = XCConfigurationList;
			buildConfigurations = (
				0BF0FB0B1D5DAC7A0041B812 /* Debug */,
				0BF0FB0C1D5DAC7A0041B812 /* Release */,
			);
			defaultConfigurationIsVisible = 0;
			defaultConfigurationName = Release;
		};
/* End XCConfigurationList section */
	};
	rootObject = 0BF0FAF01D5DAC7A0041B812 /* Project object */;
}
